
Microsoft Visual Studio Solution File, Format Version 11.00
# Visual Studio 2010
Project("{FAE04EC0-301F-11D3-BF4B-00C04F79EFBC}") = "Pulse", "Pulse\Pulse.csproj", "{262CDF1E-51A0-40B2-B10B-83629F8CF620}"
EndProject
Project("{FAE04EC0-301F-11D3-BF4B-00C04F79EFBC}") = "Pulse.Base", "Pulse.Base\Pulse.Base.csproj", "{53B10354-56C0-4440-BBB2-F1F0C330E120}"
EndProject
Project("{2150E333-8FDC-42A3-9474-1A3956D46DE8}") = "Providers", "Providers", "{4956BC1F-65B2-490D-8023-BEAC6D5F8E8D}"
EndProject
Project("{FAE04EC0-301F-11D3-BF4B-00C04F79EFBC}") = "Rewalls", "Providers\Rewalls\Rewalls.csproj", "{9014327D-43C7-4C75-AE6D-AFDC48670035}"
EndProject
Project("{FAE04EC0-301F-11D3-BF4B-00C04F79EFBC}") = "wallbase", "Providers\wallbase\wallbase.csproj", "{921F5326-5B28-462D-8220-3D3507438C27}"
EndProject
Project("{FAE04EC0-301F-11D3-BF4B-00C04F79EFBC}") = "GoogleImages", "Providers\GoogleImages\GoogleImages.csproj", "{B8F8BC9E-7C0C-46E8-A975-DAB86AD853A4}"
EndProject
Project("{2150E333-8FDC-42A3-9474-1A3956D46DE8}") = "Input", "Input", "{C42469DC-7D87-4BDF-84B8-3FF5316BBB72}"
EndProject
Project("{2150E333-8FDC-42A3-9474-1A3956D46DE8}") = "Output", "Output", "{A5762A8E-6988-4832-9606-DB53FE1635FC}"
EndProject
Project("{FAE04EC0-301F-11D3-BF4B-00C04F79EFBC}") = "LogonBackground", "Providers\LogonBackground\LogonBackground.csproj", "{1AF886CC-3BD0-4E02-AF67-5F7D6724B41E}"
EndProject
Project("{FAE04EC0-301F-11D3-BF4B-00C04F79EFBC}") = "LocalDirectory", "Providers\LocalDirectory\LocalDirectory.csproj", "{624D0297-58E5-4EA7-9FDC-8FA03E82770C}"
EndProject
Project("{FAE04EC0-301F-11D3-BF4B-00C04F79EFBC}") = "WallpaperSetter", "Providers\WallpaperSetter\WallpaperSetter.csproj", "{98DA7B97-746F-4148-9DDC-8F1BFDEACD86}"
EndProject
Project("{FAE04EC0-301F-11D3-BF4B-00C04F79EFBC}") = "AeroGlassChanger", "Providers\AeroGlassChanger\AeroGlassChanger.csproj", "{DE533383-3E9D-494B-855F-89A00E31AEEB}"
EndProject
Project("{FAE04EC0-301F-11D3-BF4B-00C04F79EFBC}") = "NASAAPOD", "Providers\NASAAPOD\NASAAPOD.csproj", "{F55894BE-FD6B-4C97-8C7E-520BB45D1094}"
EndProject
Project("{FAE04EC0-301F-11D3-BF4B-00C04F79EFBC}") = "NationalGeographicWallpapers", "Providers\NationalGeographicWallpapers\NationalGeographicWallpapers.csproj", "{9FCC0B58-0972-47BF-90CF-4BCEA840C49E}"
EndProject
Global
	GlobalSection(TeamFoundationVersionControl) = preSolution
		SccNumberOfProjects = 12
		SccEnterpriseProvider = {4CA58AB2-18FA-4F8D-95D4-32DDF27D184C}
		SccTeamFoundationServer = https://tfs.codeplex.com/tfs/tfs06
		SccLocalPath0 = .
		SccProjectUniqueName1 = Providers\\Rewalls\\Rewalls.csproj
		SccProjectTopLevelParentUniqueName1 = Pulse.sln
		SccProjectName1 = Providers/Rewalls
		SccLocalPath1 = Providers\\Rewalls
		SccProjectUniqueName2 = Pulse.Base\\Pulse.Base.csproj
		SccProjectName2 = Pulse.Base
		SccLocalPath2 = Pulse.Base
		SccProjectUniqueName3 = Pulse\\Pulse.csproj
		SccProjectName3 = Pulse
		SccLocalPath3 = Pulse
		SccProjectUniqueName4 = Providers\\wallbase\\wallbase.csproj
		SccProjectTopLevelParentUniqueName4 = Pulse.sln
		SccProjectName4 = Providers/wallbase
		SccLocalPath4 = Providers\\wallbase
		SccProjectUniqueName5 = Providers\\GoogleImages\\GoogleImages.csproj
		SccProjectTopLevelParentUniqueName5 = Pulse.sln
		SccProjectName5 = Providers/GoogleImages
		SccLocalPath5 = Providers\\GoogleImages
		SccProjectUniqueName6 = Providers\\LogonBackground\\LogonBackground.csproj
		SccProjectTopLevelParentUniqueName6 = Pulse.sln
		SccProjectName6 = Providers/LogonBackground
		SccLocalPath6 = Providers\\LogonBackground
		SccProjectUniqueName7 = Providers\\LocalDirectory\\LocalDirectory.csproj
		SccProjectTopLevelParentUniqueName7 = Pulse.sln
		SccProjectName7 = Providers/LocalDirectory
		SccLocalPath7 = Providers\\LocalDirectory
		SccProjectUniqueName8 = Providers\\WallpaperSetter\\WallpaperSetter.csproj
		SccProjectTopLevelParentUniqueName8 = Pulse.sln
		SccProjectName8 = Providers/WallpaperSetter
		SccLocalPath8 = Providers\\WallpaperSetter
		SccProjectUniqueName9 = Providers\\AeroGlassChanger\\AeroGlassChanger.csproj
		SccProjectTopLevelParentUniqueName9 = Pulse.sln
		SccProjectName9 = Providers/AeroGlassChanger
		SccLocalPath9 = Providers\\AeroGlassChanger
		SccProjectUniqueName10 = Providers\\NASAAPOD\\NASAAPOD.csproj
		SccProjectTopLevelParentUniqueName10 = Pulse.sln
		SccProjectName10 = Providers/NASAAPOD
		SccLocalPath10 = Providers\\NASAAPOD
		SccProjectUniqueName11 = Providers\\NationalGeographicWallpapers\\NationalGeographicWallpapers.csproj
		SccProjectTopLevelParentUniqueName11 = Pulse.sln
		SccProjectName11 = Providers/NationalGeographicWallpapers
		SccLocalPath11 = Providers\\NationalGeographicWallpapers
	EndGlobalSection
	GlobalSection(SolutionConfigurationPlatforms) = preSolution
		Debug|Any CPU = Debug|Any CPU
		Debug|Mixed Platforms = Debug|Mixed Platforms
		Debug|x86 = Debug|x86
		Release|Any CPU = Release|Any CPU
		Release|Mixed Platforms = Release|Mixed Platforms
		Release|x86 = Release|x86
	EndGlobalSection
	GlobalSection(ProjectConfigurationPlatforms) = postSolution
		{262CDF1E-51A0-40B2-B10B-83629F8CF620}.Debug|Any CPU.ActiveCfg = Debug|x86
		{262CDF1E-51A0-40B2-B10B-83629F8CF620}.Debug|Mixed Platforms.ActiveCfg = Debug|x86
		{262CDF1E-51A0-40B2-B10B-83629F8CF620}.Debug|Mixed Platforms.Build.0 = Debug|x86
		{262CDF1E-51A0-40B2-B10B-83629F8CF620}.Debug|x86.ActiveCfg = Debug|x86
		{262CDF1E-51A0-40B2-B10B-83629F8CF620}.Debug|x86.Build.0 = Debug|x86
		{262CDF1E-51A0-40B2-B10B-83629F8CF620}.Release|Any CPU.ActiveCfg = Release|x86
		{262CDF1E-51A0-40B2-B10B-83629F8CF620}.Release|Mixed Platforms.ActiveCfg = Release|Any CPU
		{262CDF1E-51A0-40B2-B10B-83629F8CF620}.Release|Mixed Platforms.Build.0 = Release|Any CPU
		{262CDF1E-51A0-40B2-B10B-83629F8CF620}.Release|x86.ActiveCfg = Release|x86
		{262CDF1E-51A0-40B2-B10B-83629F8CF620}.Release|x86.Build.0 = Release|x86
		{53B10354-56C0-4440-BBB2-F1F0C330E120}.Debug|Any CPU.ActiveCfg = Debug|Any CPU
		{53B10354-56C0-4440-BBB2-F1F0C330E120}.Debug|Any CPU.Build.0 = Debug|Any CPU
		{53B10354-56C0-4440-BBB2-F1F0C330E120}.Debug|Mixed Platforms.ActiveCfg = Debug|Any CPU
		{53B10354-56C0-4440-BBB2-F1F0C330E120}.Debug|Mixed Platforms.Build.0 = Debug|Any CPU
		{53B10354-56C0-4440-BBB2-F1F0C330E120}.Debug|x86.ActiveCfg = Debug|Any CPU
		{53B10354-56C0-4440-BBB2-F1F0C330E120}.Release|Any CPU.ActiveCfg = Release|Any CPU
		{53B10354-56C0-4440-BBB2-F1F0C330E120}.Release|Any CPU.Build.0 = Release|Any CPU
		{53B10354-56C0-4440-BBB2-F1F0C330E120}.Release|Mixed Platforms.ActiveCfg = Release|Any CPU
		{53B10354-56C0-4440-BBB2-F1F0C330E120}.Release|Mixed Platforms.Build.0 = Release|Any CPU
		{53B10354-56C0-4440-BBB2-F1F0C330E120}.Release|x86.ActiveCfg = Release|Any CPU
		{9014327D-43C7-4C75-AE6D-AFDC48670035}.Debug|Any CPU.ActiveCfg = Debug|Any CPU
		{9014327D-43C7-4C75-AE6D-AFDC48670035}.Debug|Any CPU.Build.0 = Debug|Any CPU
		{9014327D-43C7-4C75-AE6D-AFDC48670035}.Debug|Mixed Platforms.ActiveCfg = Debug|Any CPU
		{9014327D-43C7-4C75-AE6D-AFDC48670035}.Debug|Mixed Platforms.Build.0 = Debug|Any CPU
		{9014327D-43C7-4C75-AE6D-AFDC48670035}.Debug|x86.ActiveCfg = Debug|Any CPU
		{9014327D-43C7-4C75-AE6D-AFDC48670035}.Release|Any CPU.ActiveCfg = Release|Any CPU
		{9014327D-43C7-4C75-AE6D-AFDC48670035}.Release|Any CPU.Build.0 = Release|Any CPU
		{9014327D-43C7-4C75-AE6D-AFDC48670035}.Release|Mixed Platforms.ActiveCfg = Release|Any CPU
		{9014327D-43C7-4C75-AE6D-AFDC48670035}.Release|Mixed Platforms.Build.0 = Release|Any CPU
		{9014327D-43C7-4C75-AE6D-AFDC48670035}.Release|x86.ActiveCfg = Release|Any CPU
		{921F5326-5B28-462D-8220-3D3507438C27}.Debug|Any CPU.ActiveCfg = Debug|Any CPU
		{921F5326-5B28-462D-8220-3D3507438C27}.Debug|Any CPU.Build.0 = Debug|Any CPU
		{921F5326-5B28-462D-8220-3D3507438C27}.Debug|Mixed Platforms.ActiveCfg = Debug|Any CPU
		{921F5326-5B28-462D-8220-3D3507438C27}.Debug|Mixed Platforms.Build.0 = Debug|Any CPU
		{921F5326-5B28-462D-8220-3D3507438C27}.Debug|x86.ActiveCfg = Debug|Any CPU
		{921F5326-5B28-462D-8220-3D3507438C27}.Release|Any CPU.ActiveCfg = Release|Any CPU
		{921F5326-5B28-462D-8220-3D3507438C27}.Release|Any CPU.Build.0 = Release|Any CPU
		{921F5326-5B28-462D-8220-3D3507438C27}.Release|Mixed Platforms.ActiveCfg = Release|Any CPU
		{921F5326-5B28-462D-8220-3D3507438C27}.Release|Mixed Platforms.Build.0 = Release|Any CPU
		{921F5326-5B28-462D-8220-3D3507438C27}.Release|x86.ActiveCfg = Release|Any CPU
		{B8F8BC9E-7C0C-46E8-A975-DAB86AD853A4}.Debug|Any CPU.ActiveCfg = Debug|Any CPU
		{B8F8BC9E-7C0C-46E8-A975-DAB86AD853A4}.Debug|Any CPU.Build.0 = Debug|Any CPU
		{B8F8BC9E-7C0C-46E8-A975-DAB86AD853A4}.Debug|Mixed Platforms.ActiveCfg = Debug|Any CPU
		{B8F8BC9E-7C0C-46E8-A975-DAB86AD853A4}.Debug|Mixed Platforms.Build.0 = Debug|Any CPU
		{B8F8BC9E-7C0C-46E8-A975-DAB86AD853A4}.Debug|x86.ActiveCfg = Debug|Any CPU
		{B8F8BC9E-7C0C-46E8-A975-DAB86AD853A4}.Release|Any CPU.ActiveCfg = Release|Any CPU
		{B8F8BC9E-7C0C-46E8-A975-DAB86AD853A4}.Release|Any CPU.Build.0 = Release|Any CPU
		{B8F8BC9E-7C0C-46E8-A975-DAB86AD853A4}.Release|Mixed Platforms.ActiveCfg = Release|Any CPU
		{B8F8BC9E-7C0C-46E8-A975-DAB86AD853A4}.Release|Mixed Platforms.Build.0 = Release|Any CPU
		{B8F8BC9E-7C0C-46E8-A975-DAB86AD853A4}.Release|x86.ActiveCfg = Release|Any CPU
		{1AF886CC-3BD0-4E02-AF67-5F7D6724B41E}.Debug|Any CPU.ActiveCfg = Debug|x86
		{1AF886CC-3BD0-4E02-AF67-5F7D6724B41E}.Debug|Mixed Platforms.ActiveCfg = Debug|x86
		{1AF886CC-3BD0-4E02-AF67-5F7D6724B41E}.Debug|Mixed Platforms.Build.0 = Debug|x86
		{1AF886CC-3BD0-4E02-AF67-5F7D6724B41E}.Debug|x86.ActiveCfg = Debug|x86
		{1AF886CC-3BD0-4E02-AF67-5F7D6724B41E}.Debug|x86.Build.0 = Debug|x86
		{1AF886CC-3BD0-4E02-AF67-5F7D6724B41E}.Release|Any CPU.ActiveCfg = Release|x86
		{1AF886CC-3BD0-4E02-AF67-5F7D6724B41E}.Release|Mixed Platforms.ActiveCfg = Release|x86
		{1AF886CC-3BD0-4E02-AF67-5F7D6724B41E}.Release|Mixed Platforms.Build.0 = Release|x86
		{1AF886CC-3BD0-4E02-AF67-5F7D6724B41E}.Release|x86.ActiveCfg = Release|x86
		{1AF886CC-3BD0-4E02-AF67-5F7D6724B41E}.Release|x86.Build.0 = Release|x86
		{624D0297-58E5-4EA7-9FDC-8FA03E82770C}.Debug|Any CPU.ActiveCfg = Debug|Any CPU
		{624D0297-58E5-4EA7-9FDC-8FA03E82770C}.Debug|Any CPU.Build.0 = Debug|Any CPU
		{624D0297-58E5-4EA7-9FDC-8FA03E82770C}.Debug|Mixed Platforms.ActiveCfg = Debug|Any CPU
		{624D0297-58E5-4EA7-9FDC-8FA03E82770C}.Debug|Mixed Platforms.Build.0 = Debug|Any CPU
		{624D0297-58E5-4EA7-9FDC-8FA03E82770C}.Debug|x86.ActiveCfg = Debug|Any CPU
		{624D0297-58E5-4EA7-9FDC-8FA03E82770C}.Release|Any CPU.ActiveCfg = Release|Any CPU
		{624D0297-58E5-4EA7-9FDC-8FA03E82770C}.Release|Any CPU.Build.0 = Release|Any CPU
		{624D0297-58E5-4EA7-9FDC-8FA03E82770C}.Release|Mixed Platforms.ActiveCfg = Release|Any CPU
		{624D0297-58E5-4EA7-9FDC-8FA03E82770C}.Release|Mixed Platforms.Build.0 = Release|Any CPU
		{624D0297-58E5-4EA7-9FDC-8FA03E82770C}.Release|x86.ActiveCfg = Release|Any CPU
		{98DA7B97-746F-4148-9DDC-8F1BFDEACD86}.Debug|Any CPU.ActiveCfg = Debug|Any CPU
		{98DA7B97-746F-4148-9DDC-8F1BFDEACD86}.Debug|Any CPU.Build.0 = Debug|Any CPU
		{98DA7B97-746F-4148-9DDC-8F1BFDEACD86}.Debug|Mixed Platforms.ActiveCfg = Debug|Any CPU
		{98DA7B97-746F-4148-9DDC-8F1BFDEACD86}.Debug|Mixed Platforms.Build.0 = Debug|Any CPU
		{98DA7B97-746F-4148-9DDC-8F1BFDEACD86}.Debug|x86.ActiveCfg = Debug|Any CPU
		{98DA7B97-746F-4148-9DDC-8F1BFDEACD86}.Release|Any CPU.ActiveCfg = Release|Any CPU
		{98DA7B97-746F-4148-9DDC-8F1BFDEACD86}.Release|Any CPU.Build.0 = Release|Any CPU
		{98DA7B97-746F-4148-9DDC-8F1BFDEACD86}.Release|Mixed Platforms.ActiveCfg = Release|Any CPU
		{98DA7B97-746F-4148-9DDC-8F1BFDEACD86}.Release|Mixed Platforms.Build.0 = Release|Any CPU
		{98DA7B97-746F-4148-9DDC-8F1BFDEACD86}.Release|x86.ActiveCfg = Release|Any CPU
		{DE533383-3E9D-494B-855F-89A00E31AEEB}.Debug|Any CPU.ActiveCfg = Debug|Any CPU
		{DE533383-3E9D-494B-855F-89A00E31AEEB}.Debug|Any CPU.Build.0 = Debug|Any CPU
		{DE533383-3E9D-494B-855F-89A00E31AEEB}.Debug|Mixed Platforms.ActiveCfg = Debug|Any CPU
		{DE533383-3E9D-494B-855F-89A00E31AEEB}.Debug|Mixed Platforms.Build.0 = Debug|Any CPU
		{DE533383-3E9D-494B-855F-89A00E31AEEB}.Debug|x86.ActiveCfg = Debug|Any CPU
		{DE533383-3E9D-494B-855F-89A00E31AEEB}.Release|Any CPU.ActiveCfg = Release|Any CPU
		{DE533383-3E9D-494B-855F-89A00E31AEEB}.Release|Any CPU.Build.0 = Release|Any CPU
		{DE533383-3E9D-494B-855F-89A00E31AEEB}.Release|Mixed Platforms.ActiveCfg = Release|Any CPU
		{DE533383-3E9D-494B-855F-89A00E31AEEB}.Release|Mixed Platforms.Build.0 = Release|Any CPU
		{DE533383-3E9D-494B-855F-89A00E31AEEB}.Release|x86.ActiveCfg = Release|Any CPU
		{F55894BE-FD6B-4C97-8C7E-520BB45D1094}.Debug|Any CPU.ActiveCfg = Debug|Any CPU
		{F55894BE-FD6B-4C97-8C7E-520BB45D1094}.Debug|Any CPU.Build.0 = Debug|Any CPU
		{F55894BE-FD6B-4C97-8C7E-520BB45D1094}.Debug|Mixed Platforms.ActiveCfg = Debug|Any CPU
		{F55894BE-FD6B-4C97-8C7E-520BB45D1094}.Debug|Mixed Platforms.Build.0 = Debug|Any CPU
		{F55894BE-FD6B-4C97-8C7E-520BB45D1094}.Debug|x86.ActiveCfg = Debug|Any CPU
		{F55894BE-FD6B-4C97-8C7E-520BB45D1094}.Release|Any CPU.ActiveCfg = Release|Any CPU
		{F55894BE-FD6B-4C97-8C7E-520BB45D1094}.Release|Any CPU.Build.0 = Release|Any CPU
		{F55894BE-FD6B-4C97-8C7E-520BB45D1094}.Release|Mixed Platforms.ActiveCfg = Release|Any CPU
		{F55894BE-FD6B-4C97-8C7E-520BB45D1094}.Release|Mixed Platforms.Build.0 = Release|Any CPU
		{F55894BE-FD6B-4C97-8C7E-520BB45D1094}.Release|x86.ActiveCfg = Release|Any CPU
		{9FCC0B58-0972-47BF-90CF-4BCEA840C49E}.Debug|Any CPU.ActiveCfg = Debug|Any CPU
		{9FCC0B58-0972-47BF-90CF-4BCEA840C49E}.Debug|Any CPU.Build.0 = Debug|Any CPU
		{9FCC0B58-0972-47BF-90CF-4BCEA840C49E}.Debug|Mixed Platforms.ActiveCfg = Debug|Any CPU
		{9FCC0B58-0972-47BF-90CF-4BCEA840C49E}.Debug|Mixed Platforms.Build.0 = Debug|Any CPU
		{9FCC0B58-0972-47BF-90CF-4BCEA840C49E}.Debug|x86.ActiveCfg = Debug|Any CPU
		{9FCC0B58-0972-47BF-90CF-4BCEA840C49E}.Release|Any CPU.ActiveCfg = Release|Any CPU
		{9FCC0B58-0972-47BF-90CF-4BCEA840C49E}.Release|Any CPU.Build.0 = Release|Any CPU
		{9FCC0B58-0972-47BF-90CF-4BCEA840C49E}.Release|Mixed Platforms.ActiveCfg = Release|Any CPU
		{9FCC0B58-0972-47BF-90CF-4BCEA840C49E}.Release|Mixed Platforms.Build.0 = Release|Any CPU
		{9FCC0B58-0972-47BF-90CF-4BCEA840C49E}.Release|x86.ActiveCfg = Release|Any CPU
	EndGlobalSection
	GlobalSection(SolutionProperties) = preSolution
		HideSolutionNode = FALSE
	EndGlobalSection
	GlobalSection(NestedProjects) = preSolution
		{C42469DC-7D87-4BDF-84B8-3FF5316BBB72} = {4956BC1F-65B2-490D-8023-BEAC6D5F8E8D}
		{A5762A8E-6988-4832-9606-DB53FE1635FC} = {4956BC1F-65B2-490D-8023-BEAC6D5F8E8D}
		{921F5326-5B28-462D-8220-3D3507438C27} = {C42469DC-7D87-4BDF-84B8-3FF5316BBB72}
		{B8F8BC9E-7C0C-46E8-A975-DAB86AD853A4} = {C42469DC-7D87-4BDF-84B8-3FF5316BBB72}
		{9014327D-43C7-4C75-AE6D-AFDC48670035} = {C42469DC-7D87-4BDF-84B8-3FF5316BBB72}
		{624D0297-58E5-4EA7-9FDC-8FA03E82770C} = {C42469DC-7D87-4BDF-84B8-3FF5316BBB72}
		{F55894BE-FD6B-4C97-8C7E-520BB45D1094} = {C42469DC-7D87-4BDF-84B8-3FF5316BBB72}
		{9FCC0B58-0972-47BF-90CF-4BCEA840C49E} = {C42469DC-7D87-4BDF-84B8-3FF5316BBB72}
		{1AF886CC-3BD0-4E02-AF67-5F7D6724B41E} = {A5762A8E-6988-4832-9606-DB53FE1635FC}
		{98DA7B97-746F-4148-9DDC-8F1BFDEACD86} = {A5762A8E-6988-4832-9606-DB53FE1635FC}
		{DE533383-3E9D-494B-855F-89A00E31AEEB} = {A5762A8E-6988-4832-9606-DB53FE1635FC}
	EndGlobalSection
EndGlobal
