Microsoft Visual Studio Solution File, Format Version 12.00
# Visual Studio Version 17
VisualStudioVersion = 17.0.31903.59
MinimumVisualStudioVersion = 10.0.40219.1
Project("{FAE04EC0-301F-11D3-BF4B-00C04F79EFBC}") = "Pulse.Base.Abstractions", "src\Pulse.Base.Abstractions\Pulse.Base.Abstractions.csproj", "{AABBCCDD-1111-2222-3333-444455556666}"
EndProject
Project("{FAE04EC0-301F-11D3-BF4B-00C04F79EFBC}") = "Pulse.Base", "src\Pulse.Base\Pulse.Base.csproj", "{53B10354-56C0-4440-BBB2-F1F0C330E120}"
EndProject
Project("{FAE04EC0-301F-11D3-BF4B-00C04F79EFBC}") = "wallhaven", "src\Providers\wallbase\wallhaven.csproj", "{921F5326-5B28-462D-8220-3D3507438C27}"
EndProject
Project("{FAE04EC0-301F-11D3-BF4B-00C04F79EFBC}") = "BingWallpaper", "src\Providers\BingWallpaper\BingWallpaper.csproj", "{A1B2C3D4-E5F6-7890-ABCD-EF1234567890}"
EndProject
Project("{FAE04EC0-301F-11D3-BF4B-00C04F79EFBC}") = "Pulse.CLI", "src\Pulse.CLI\Pulse.CLI.csproj", "{B1C2D3E4-F5A6-7890-BCDE-F12345678901}"
EndProject
Project("{FAE04EC0-301F-11D3-BF4B-00C04F79EFBC}") = "Pulse.Avalonia", "src\Pulse.Avalonia\Pulse.Avalonia.csproj", "{EEFFGGHH-7777-8888-9999-AAAABBBBCCCC}"
EndProject
Global
	GlobalSection(SolutionConfigurationPlatforms) = preSolution
		Debug|Any CPU = Debug|Any CPU
		Release|Any CPU = Release|Any CPU
	EndGlobalSection
	GlobalSection(ProjectConfigurationPlatforms) = postSolution
		{53B10354-56C0-4440-BBB2-F1F0C330E120}.Debug|Any CPU.ActiveCfg = Debug|Any CPU
		{53B10354-56C0-4440-BBB2-F1F0C330E120}.Debug|Any CPU.Build.0 = Debug|Any CPU
		{53B10354-56C0-4440-BBB2-F1F0C330E120}.Release|Any CPU.ActiveCfg = Release|Any CPU
		{53B10354-56C0-4440-BBB2-F1F0C330E120}.Release|Any CPU.Build.0 = Release|Any CPU
		{921F5326-5B28-462D-8220-3D3507438C27}.Debug|Any CPU.ActiveCfg = Debug|Any CPU
		{921F5326-5B28-462D-8220-3D3507438C27}.Debug|Any CPU.Build.0 = Debug|Any CPU
		{921F5326-5B28-462D-8220-3D3507438C27}.Release|Any CPU.ActiveCfg = Release|Any CPU
		{921F5326-5B28-462D-8220-3D3507438C27}.Release|Any CPU.Build.0 = Release|Any CPU
		{A1B2C3D4-E5F6-7890-ABCD-EF1234567890}.Debug|Any CPU.ActiveCfg = Debug|Any CPU
		{A1B2C3D4-E5F6-7890-ABCD-EF1234567890}.Debug|Any CPU.Build.0 = Debug|Any CPU
		{A1B2C3D4-E5F6-7890-ABCD-EF1234567890}.Release|Any CPU.ActiveCfg = Release|Any CPU
		{A1B2C3D4-E5F6-7890-ABCD-EF1234567890}.Release|Any CPU.Build.0 = Release|Any CPU
		{B1C2D3E4-F5A6-7890-BCDE-F12345678901}.Debug|Any CPU.ActiveCfg = Debug|Any CPU
		{B1C2D3E4-F5A6-7890-BCDE-F12345678901}.Debug|Any CPU.Build.0 = Debug|Any CPU
		{B1C2D3E4-F5A6-7890-BCDE-F12345678901}.Release|Any CPU.ActiveCfg = Release|Any CPU
		{B1C2D3E4-F5A6-7890-BCDE-F12345678901}.Release|Any CPU.Build.0 = Release|Any CPU
		{AABBCCDD-1111-2222-3333-444455556666}.Debug|Any CPU.ActiveCfg = Debug|Any CPU
		{AABBCCDD-1111-2222-3333-444455556666}.Debug|Any CPU.Build.0 = Debug|Any CPU
		{AABBCCDD-1111-2222-3333-444455556666}.Release|Any CPU.ActiveCfg = Release|Any CPU
		{AABBCCDD-1111-2222-3333-444455556666}.Release|Any CPU.Build.0 = Release|Any CPU
		{EEFFGGHH-7777-8888-9999-AAAABBBBCCCC}.Debug|Any CPU.ActiveCfg = Debug|Any CPU
		{EEFFGGHH-7777-8888-9999-AAAABBBBCCCC}.Debug|Any CPU.Build.0 = Debug|Any CPU
		{EEFFGGHH-7777-8888-9999-AAAABBBBCCCC}.Release|Any CPU.ActiveCfg = Release|Any CPU
		{EEFFGGHH-7777-8888-9999-AAAABBBBCCCC}.Release|Any CPU.Build.0 = Release|Any CPU
	EndGlobalSection
EndGlobal
